
Microsoft Visual Studio Solution File, Format Version 12.00
# Visual Studio 15
VisualStudioVersion = 15.0.28307.421
MinimumVisualStudioVersion = 10.0.40219.1
Project("{FAE04EC0-301F-11D3-BF4B-00C04F79EFBC}") = "TextFiles.Wpf", "TextFiles.Wpf\TextFiles.Wpf.csproj", "{03033B3D-7538-44A7-A98A-1B117BA90E7B}"
EndProject
Global
	GlobalSection(SolutionConfigurationPlatforms) = preSolution
		Debug|Any CPU = Debug|Any CPU
		Release|Any CPU = Release|Any CPU
	EndGlobalSection
	GlobalSection(ProjectConfigurationPlatforms) = postSolution
		{03033B3D-7538-44A7-A98A-1B117BA90E7B}.Debug|Any CPU.ActiveCfg = Debug|Any CPU
		{03033B3D-7538-44A7-A98A-1B117BA90E7B}.Debug|Any CPU.Build.0 = Debug|Any CPU
		{03033B3D-7538-44A7-A98A-1B117BA90E7B}.Release|Any CPU.ActiveCfg = Release|Any CPU
		{03033B3D-7538-44A7-A98A-1B117BA90E7B}.Release|Any CPU.Build.0 = Release|Any CPU
	EndGlobalSection
	GlobalSection(SolutionProperties) = preSolution
		HideSolutionNode = FALSE
	EndGlobalSection
	GlobalSection(ExtensibilityGlobals) = postSolution
		SolutionGuid = {7EFE745B-07B7-49C7-A9FD-2F9BB3FAE97D}
	EndGlobalSection
EndGlobal
